// !$*UTF8*$!
{
	archiveVersion = 1;
	classes = {
	};
	objectVersion = 46;
	objects = {

/* Begin PBXBuildFile section */
		B22E24001CB06F7B00CCABF6 /* main.cpp in Sources */ = {isa = PBXBuildFile; fileRef = B22E23FF1CB06F7B00CCABF6 /* main.cpp */; };
		B22E24091CB06F9F00CCABF6 /* Graph.cpp in Sources */ = {isa = PBXBuildFile; fileRef = B22E24071CB06F9F00CCABF6 /* Graph.cpp */; };
		B22E240C1CB06FA700CCABF6 /* Edge.cpp in Sources */ = {isa = PBXBuildFile; fileRef = B22E240A1CB06FA700CCABF6 /* Edge.cpp */; };
		B22E240F1CB06FAF00CCABF6 /* Vertex.cpp in Sources */ = {isa = PBXBuildFile; fileRef = B22E240D1CB06FAF00CCABF6 /* Vertex.cpp */; };
/* End PBXBuildFile section */

/* Begin PBXCopyFilesBuildPhase section */
		B22E23FA1CB06F7B00CCABF6 /* CopyFiles */ = {
			isa = PBXCopyFilesBuildPhase;
			buildActionMask = 2147483647;
			dstPath = /usr/share/man/man1/;
			dstSubfolderSpec = 0;
			files = (
			);
			runOnlyForDeploymentPostprocessing = 1;
		};
/* End PBXCopyFilesBuildPhase section */

/* Begin PBXFileReference section */
		B22E23FC1CB06F7B00CCABF6 /* Maximum Independent Set */ = {isa = PBXFileReference; explicitFileType = "compiled.mach-o.executable"; includeInIndex = 0; path = "Maximum Independent Set"; sourceTree = BUILT_PRODUCTS_DIR; };
		B22E23FF1CB06F7B00CCABF6 /* main.cpp */ = {isa = PBXFileReference; lastKnownFileType = sourcecode.cpp.cpp; path = main.cpp; sourceTree = "<group>"; };
		B22E24071CB06F9F00CCABF6 /* Graph.cpp */ = {isa = PBXFileReference; fileEncoding = 4; lastKnownFileType = sourcecode.cpp.cpp; path = Graph.cpp; sourceTree = "<group>"; };
		B22E24081CB06F9F00CCABF6 /* Graph.hpp */ = {isa = PBXFileReference; fileEncoding = 4; lastKnownFileType = sourcecode.cpp.h; path = Graph.hpp; sourceTree = "<group>"; };
		B22E240A1CB06FA700CCABF6 /* Edge.cpp */ = {isa = PBXFileReference; fileEncoding = 4; lastKnownFileType = sourcecode.cpp.cpp; path = Edge.cpp; sourceTree = "<group>"; };
		B22E240B1CB06FA700CCABF6 /* Edge.hpp */ = {isa = PBXFileReference; fileEncoding = 4; lastKnownFileType = sourcecode.cpp.h; path = Edge.hpp; sourceTree = "<group>"; };
		B22E240D1CB06FAF00CCABF6 /* Vertex.cpp */ = {isa = PBXFileReference; fileEncoding = 4; lastKnownFileType = sourcecode.cpp.cpp; path = Vertex.cpp; sourceTree = "<group>"; };
		B22E240E1CB06FAF00CCABF6 /* Vertex.hpp */ = {isa = PBXFileReference; fileEncoding = 4; lastKnownFileType = sourcecode.cpp.h; path = Vertex.hpp; sourceTree = "<group>"; };
		B22E24101CB0717700CCABF6 /* Graph.txt */ = {isa = PBXFileReference; fileEncoding = 4; lastKnownFileType = text; path = Graph.txt; sourceTree = "<group>"; };
/* End PBXFileReference section */

/* Begin PBXFrameworksBuildPhase section */
		B22E23F91CB06F7B00CCABF6 /* Frameworks */ = {
			isa = PBXFrameworksBuildPhase;
			buildActionMask = 2147483647;
			files = (
			);
			runOnlyForDeploymentPostprocessing = 0;
		};
/* End PBXFrameworksBuildPhase section */

/* Begin PBXGroup section */
		B22E23F31CB06F7B00CCABF6 = {
			isa = PBXGroup;
			children = (
				B22E23FE1CB06F7B00CCABF6 /* Maximum Independent Set */,
				B22E23FD1CB06F7B00CCABF6 /* Products */,
			);
			sourceTree = "<group>";
		};
		B22E23FD1CB06F7B00CCABF6 /* Products */ = {
			isa = PBXGroup;
			children = (
				B22E23FC1CB06F7B00CCABF6 /* Maximum Independent Set */,
			);
			name = Products;
			sourceTree = "<group>";
		};
		B22E23FE1CB06F7B00CCABF6 /* Maximum Independent Set */ = {
			isa = PBXGroup;
			children = (
				B22E24111CB0777C00CCABF6 /* Resources */,
				B22E23FF1CB06F7B00CCABF6 /* main.cpp */,
				B22E24071CB06F9F00CCABF6 /* Graph.cpp */,
				B22E24081CB06F9F00CCABF6 /* Graph.hpp */,
				B22E240A1CB06FA700CCABF6 /* Edge.cpp */,
				B22E240B1CB06FA700CCABF6 /* Edge.hpp */,
				B22E240D1CB06FAF00CCABF6 /* Vertex.cpp */,
				B22E240E1CB06FAF00CCABF6 /* Vertex.hpp */,
			);
			path = "Maximum Independent Set";
			sourceTree = "<group>";
		};
		B22E24111CB0777C00CCABF6 /* Resources */ = {
			isa = PBXGroup;
			children = (
				B22E24101CB0717700CCABF6 /* Graph.txt */,
			);
			name = Resources;
			sourceTree = "<group>";
		};
/* End PBXGroup section */

/* Begin PBXNativeTarget section */
		B22E23FB1CB06F7B00CCABF6 /* Maximum Independent Set */ = {
			isa = PBXNativeTarget;
			buildConfigurationList = B22E24031CB06F7B00CCABF6 /* Build configuration list for PBXNativeTarget "Maximum Independent Set" */;
			buildPhases = (
				B22E23F81CB06F7B00CCABF6 /* Sources */,
				B22E23F91CB06F7B00CCABF6 /* Frameworks */,
				B22E23FA1CB06F7B00CCABF6 /* CopyFiles */,
			);
			buildRules = (
			);
			dependencies = (
			);
			name = "Maximum Independent Set";
			productName = "Maximum Independent Set";
			productReference = B22E23FC1CB06F7B00CCABF6 /* Maximum Independent Set */;
			productType = "com.apple.product-type.tool";
		};
/* End PBXNativeTarget section */

/* Begin PBXProject section */
		B22E23F41CB06F7B00CCABF6 /* Project object */ = {
			isa = PBXProject;
			attributes = {
				LastUpgradeCheck = 0720;
				ORGANIZATIONNAME = "Emil Shirima";
				TargetAttributes = {
					B22E23FB1CB06F7B00CCABF6 = {
						CreatedOnToolsVersion = 7.2.1;
					};
				};
			};
			buildConfigurationList = B22E23F71CB06F7B00CCABF6 /* Build configuration list for PBXProject "Maximum Independent Set" */;
			compatibilityVersion = "Xcode 3.2";
			developmentRegion = English;
			hasScannedForEncodings = 0;
			knownRegions = (
				en,
			);
			mainGroup = B22E23F31CB06F7B00CCABF6;
			productRefGroup = B22E23FD1CB06F7B00CCABF6 /* Products */;
			projectDirPath = "";
			projectRoot = "";
			targets = (
				B22E23FB1CB06F7B00CCABF6 /* Maximum Independent Set */,
			);
		};
/* End PBXProject section */

/* Begin PBXSourcesBuildPhase section */
		B22E23F81CB06F7B00CCABF6 /* Sources */ = {
			isa = PBXSourcesBuildPhase;
			buildActionMask = 2147483647;
			files = (
				B22E240C1CB06FA700CCABF6 /* Edge.cpp in Sources */,
				B22E240F1CB06FAF00CCABF6 /* Vertex.cpp in Sources */,
				B22E24091CB06F9F00CCABF6 /* Graph.cpp in Sources */,
				B22E24001CB06F7B00CCABF6 /* main.cpp in Sources */,
			);
			runOnlyForDeploymentPostprocessing = 0;
		};
/* End PBXSourcesBuildPhase section */

/* Begin XCBuildConfiguration section */
		B22E24011CB06F7B00CCABF6 /* Debug */ = {
			isa = XCBuildConfiguration;
			buildSettings = {
				ALWAYS_SEARCH_USER_PATHS = NO;
				CLANG_CXX_LANGUAGE_STANDARD = "gnu++0x";
				CLANG_CXX_LIBRARY = "libc++";
				CLANG_ENABLE_MODULES = YES;
				CLANG_ENABLE_OBJC_ARC = YES;
				CLANG_WARN_BOOL_CONVERSION = YES;
				CLANG_WARN_CONSTANT_CONVERSION = YES;
				CLANG_WARN_DIRECT_OBJC_ISA_USAGE = YES_ERROR;
				CLANG_WARN_EMPTY_BODY = YES;
				CLANG_WARN_ENUM_CONVERSION = YES;
				CLANG_WARN_INT_CONVERSION = YES;
				CLANG_WARN_OBJC_ROOT_CLASS = YES_ERROR;
				CLANG_WARN_UNREACHABLE_CODE = YES;
				CLANG_WARN__DUPLICATE_METHOD_MATCH = YES;
				CODE_SIGN_IDENTITY = "-";
				COPY_PHASE_STRIP = NO;
				DEBUG_INFORMATION_FORMAT = dwarf;
				ENABLE_STRICT_OBJC_MSGSEND = YES;
				ENABLE_TESTABILITY = YES;
				GCC_C_LANGUAGE_STANDARD = gnu99;
				GCC_DYNAMIC_NO_PIC = NO;
				GCC_NO_COMMON_BLOCKS = YES;
				GCC_OPTIMIZATION_LEVEL = 0;
				GCC_PREPROCESSOR_DEFINITIONS = (
					"DEBUG=1",
					"$(inherited)",
				);
				GCC_WARN_64_TO_32_BIT_CONVERSION = YES;
				GCC_WARN_ABOUT_RETURN_TYPE = YES_ERROR;
				GCC_WARN_UNDECLARED_SELECTOR = YES;
				GCC_WARN_UNINITIALIZED_AUTOS = YES_AGGRESSIVE;
				GCC_WARN_UNUSED_FUNCTION = YES;
				GCC_WARN_UNUSED_VARIABLE = YES;
				MACOSX_DEPLOYMENT_TARGET = 10.11;
				MTL_ENABLE_DEBUG_INFO = YES;
				ONLY_ACTIVE_ARCH = YES;
				SDKROOT = macosx;
			};
			name = Debug;
		};
		B22E24021CB06F7B00CCABF6 /* Release */ = {
			isa = XCBuildConfiguration;
			buildSettings = {
				ALWAYS_SEARCH_USER_PATHS = NO;
				CLANG_CXX_LANGUAGE_STANDARD = "gnu++0x";
				CLANG_CXX_LIBRARY = "libc++";
				CLANG_ENABLE_MODULES = YES;
				CLANG_ENABLE_OBJC_ARC = YES;
				CLANG_WARN_BOOL_CONVERSION = YES;
				CLANG_WARN_CONSTANT_CONVERSION = YES;
				CLANG_WARN_DIRECT_OBJC_ISA_USAGE = YES_ERROR;
				CLANG_WARN_EMPTY_BODY = YES;
				CLANG_WARN_ENUM_CONVERSION = YES;
				CLANG_WARN_INT_CONVERSION = YES;
				CLANG_WARN_OBJC_ROOT_CLASS = YES_ERROR;
				CLANG_WARN_UNREACHABLE_CODE = YES;
				CLANG_WARN__DUPLICATE_METHOD_MATCH = YES;
				CODE_SIGN_IDENTITY = "-";
				COPY_PHASE_STRIP = NO;
				DEBUG_INFORMATION_FORMAT = "dwarf-with-dsym";
				ENABLE_NS_ASSERTIONS = NO;
				ENABLE_STRICT_OBJC_MSGSEND = YES;
				GCC_C_LANGUAGE_STANDARD = gnu99;
				GCC_NO_COMMON_BLOCKS = YES;
				GCC_WARN_64_TO_32_BIT_CONVERSION = YES;
				GCC_WARN_ABOUT_RETURN_TYPE = YES_ERROR;
				GCC_WARN_UNDECLARED_SELECTOR = YES;
				GCC_WARN_UNINITIALIZED_AUTOS = YES_AGGRESSIVE;
				GCC_WARN_UNUSED_FUNCTION = YES;
				GCC_WARN_UNUSED_VARIABLE = YES;
				MACOSX_DEPLOYMENT_TARGET = 10.11;
				MTL_ENABLE_DEBUG_INFO = NO;
				SDKROOT = macosx;
			};
			name = Release;
		};
		B22E24041CB06F7B00CCABF6 /* Debug */ = {
			isa = XCBuildConfiguration;
			buildSettings = {
				PRODUCT_NAME = "$(TARGET_NAME)";
			};
			name = Debug;
		};
		B22E24051CB06F7B00CCABF6 /* Release */ = {
			isa = XCBuildConfiguration;
			buildSettings = {
				PRODUCT_NAME = "$(TARGET_NAME)";
			};
			name = Release;
		};
/* End XCBuildConfiguration section */

/* Begin XCConfigurationList section */
		B22E23F71CB06F7B00CCABF6 /* Build configuration list for PBXProject "Maximum Independent Set" */ = {
			isa = XCConfigurationList;
			buildConfigurations = (
				B22E24011CB06F7B00CCABF6 /* Debug */,
				B22E24021CB06F7B00CCABF6 /* Release */,
			);
			defaultConfigurationIsVisible = 0;
			defaultConfigurationName = Release;
		};
		B22E24031CB06F7B00CCABF6 /* Build configuration list for PBXNativeTarget "Maximum Independent Set" */ = {
			isa = XCConfigurationList;
			buildConfigurations = (
				B22E24041CB06F7B00CCABF6 /* Debug */,
				B22E24051CB06F7B00CCABF6 /* Release */,
			);
			defaultConfigurationIsVisible = 0;
		};
/* End XCConfigurationList section */
	};
	rootObject = B22E23F41CB06F7B00CCABF6 /* Project object */;
}
